<?xml version="1.0" encoding="utf-8"?>
<Project ToolsVersion="4.0" xmlns="http://schemas.microsoft.com/developer/msbuild/2003">
  <ItemGroup>
    <Filter Include="Source Files">
      <UniqueIdentifier>{4FC737F1-C7A5-4376-A066-2A32D752A2FF}</UniqueIdentifier>
      <Extensions>cpp;c;cc;cxx;def;odl;idl;hpj;bat;asm;asmx</Extensions>
    </Filter>
    <Filter Include="Resource Files">
      <UniqueIdentifier>{67DA6AB6-F800-4c08-8B7A-83BB121AAD01}</UniqueIdentifier>
      <Extensions>rc;ico;cur;bmp;dlg;rc2;rct;bin;rgs;gif;jpg;jpeg;jpe;resx;tiff;tif;png;wav;mfcribbon-ms</Extensions>
    </Filter>
  </ItemGroup>
  <ItemGroup>
    <Text Include="ReadMe.txt" />
  </ItemGroup>
  <ItemGroup>
    <ClInclude Include="Circle.h">
      <Filter>Source Files</Filter>
    </ClInclude>
    <ClInclude Include="ColorRGB.h">
      <Filter>Source Files</Filter>
    </ClInclude>
    <ClInclude Include="LineSegment.h">
      <Filter>Source Files</Filter>
    </ClInclude>
    <ClInclude Include="Point.h">
      <Filter>Source Files</Filter>
    </ClInclude>
    <ClInclude Include="Rectangle.h">
      <Filter>Source Files</Filter>
    </ClInclude>
    <ClInclude Include="Shape.h">
      <Filter>Source Files</Filter>
    </ClInclude>
    <ClInclude Include="ShapeReader.h">
      <Filter>Source Files</Filter>
    </ClInclude>
    <ClInclude Include="ShapeRenderer.h">
      <Filter>Source Files</Filter>
    </ClInclude>
    <ClInclude Include="SolidShape.h">
      <Filter>Source Files</Filter>
    </ClInclude>
    <ClInclude Include="stdafx.h">
      <Filter>Source Files</Filter>
    </ClInclude>
    <ClInclude Include="targetver.h">
      <Filter>Source Files</Filter>
    </ClInclude>
    <ClInclude Include="Triangle.h">
      <Filter>Source Files</Filter>
    </ClInclude>
    <ClInclude Include="BorderColor.h">
      <Filter>Source Files</Filter>
    </ClInclude>
    <ClInclude Include="FillColor.h">
      <Filter>Source Files</Filter>
    </ClInclude>
    <ClInclude Include="Visitor.h">
      <Filter>Source Files</Filter>
    </ClInclude>
    <ClInclude Include="DrawVisitor.h">
      <Filter>Source Files</Filter>
    </ClInclude>
    <ClInclude Include="Element.h">
      <Filter>Source Files</Filter>
    </ClInclude>
  </ItemGroup>
  <ItemGroup>
    <ClCompile Include="stdafx.cpp">
      <Filter>Source Files</Filter>
    </ClCompile>
    <ClCompile Include="main.cpp">
      <Filter>Source Files</Filter>
    </ClCompile>
    <ClCompile Include="Point.cpp">
      <Filter>Source Files</Filter>
    </ClCompile>
    <ClCompile Include="LineSegment.cpp">
      <Filter>Source Files</Filter>
    </ClCompile>
    <ClCompile Include="Rectangle.cpp">
      <Filter>Source Files</Filter>
    </ClCompile>
    <ClCompile Include="Triangle.cpp">
      <Filter>Source Files</Filter>
    </ClCompile>
    <ClCompile Include="Circle.cpp">
      <Filter>Source Files</Filter>
    </ClCompile>
    <ClCompile Include="ShapeReader.cpp">
      <Filter>Source Files</Filter>
    </ClCompile>
    <ClCompile Include="ShapeRenderer.cpp">
      <Filter>Source Files</Filter>
    </ClCompile>
    <ClCompile Include="ColorRGB.cpp">
      <Filter>Source Files</Filter>
    </ClCompile>
    <ClCompile Include="BorderColor.cpp">
      <Filter>Source Files</Filter>
    </ClCompile>
    <ClCompile Include="FillColor.cpp">
      <Filter>Source Files</Filter>
    </ClCompile>
    <ClCompile Include="DrawVisitor.cpp">
      <Filter>Source Files</Filter>
    </ClCompile>
  </ItemGroup>
</Project>